
Microsoft Visual Studio Solution File, Format Version 12.00
# Visual Studio 14
VisualStudioVersion = 14.0.25123.0
MinimumVisualStudioVersion = 10.0.40219.1
Project("{FAE04EC0-301F-11D3-BF4B-00C04F79EFBC}") = "Demo1", "Demo1\Demo1.csproj", "{B95BDEC5-9ED0-4402-B20F-58D6F93B0E92}"
EndProject
Project("{FAE04EC0-301F-11D3-BF4B-00C04F79EFBC}") = "IoDemo", "IoDemo\IoDemo.csproj", "{1F50B6C9-A828-45E4-AD19-9AECCD1CEC4E}"
EndProject
Global
	GlobalSection(SolutionConfigurationPlatforms) = preSolution
		Debug|Any CPU = Debug|Any CPU
		Release|Any CPU = Release|Any CPU
	EndGlobalSection
	GlobalSection(ProjectConfigurationPlatforms) = postSolution
		{B95BDEC5-9ED0-4402-B20F-58D6F93B0E92}.Debug|Any CPU.ActiveCfg = Debug|Any CPU
		{B95BDEC5-9ED0-4402-B20F-58D6F93B0E92}.Debug|Any CPU.Build.0 = Debug|Any CPU
		{B95BDEC5-9ED0-4402-B20F-58D6F93B0E92}.Release|Any CPU.ActiveCfg = Release|Any CPU
		{B95BDEC5-9ED0-4402-B20F-58D6F93B0E92}.Release|Any CPU.Build.0 = Release|Any CPU
		{1F50B6C9-A828-45E4-AD19-9AECCD1CEC4E}.Debug|Any CPU.ActiveCfg = Debug|Any CPU
		{1F50B6C9-A828-45E4-AD19-9AECCD1CEC4E}.Debug|Any CPU.Build.0 = Debug|Any CPU
		{1F50B6C9-A828-45E4-AD19-9AECCD1CEC4E}.Release|Any CPU.ActiveCfg = Release|Any CPU
		{1F50B6C9-A828-45E4-AD19-9AECCD1CEC4E}.Release|Any CPU.Build.0 = Release|Any CPU
	EndGlobalSection
	GlobalSection(SolutionProperties) = preSolution
		HideSolutionNode = FALSE
	EndGlobalSection
EndGlobal
